
Microsoft Visual Studio Solution File, Format Version 11.00
# Visual Studio 2010
Project("{8BC9CEB8-8B4A-11D0-8D11-00A0C91BC942}") = "Assignment-9", "Assignment-9\Assignment-9.vcxproj", "{8A9F0090-A817-41E9-B6EC-29621736F487}"
EndProject
Global
	GlobalSection(SolutionConfigurationPlatforms) = preSolution
		Debug|Win32 = Debug|Win32
		Release|Win32 = Release|Win32
	EndGlobalSection
	GlobalSection(ProjectConfigurationPlatforms) = postSolution
		{8A9F0090-A817-41E9-B6EC-29621736F487}.Debug|Win32.ActiveCfg = Debug|Win32
		{8A9F0090-A817-41E9-B6EC-29621736F487}.Debug|Win32.Build.0 = Debug|Win32
		{8A9F0090-A817-41E9-B6EC-29621736F487}.Release|Win32.ActiveCfg = Release|Win32
		{8A9F0090-A817-41E9-B6EC-29621736F487}.Release|Win32.Build.0 = Release|Win32
	EndGlobalSection
	GlobalSection(SolutionProperties) = preSolution
		HideSolutionNode = FALSE
	EndGlobalSection
EndGlobal
